
Microsoft Visual Studio Solution File, Format Version 12.00
# Visual Studio Version 17
VisualStudioVersion = 17.14.36518.9 d17.14
MinimumVisualStudioVersion = 10.0.40219.1
Project("{FAE04EC0-301F-11D3-BF4B-00C04F79EFBC}") = "MaxBul", "MaxBul\MaxBul.csproj", "{2FEE0291-AFEE-4B9D-978D-23CB7C9D4B34}"
EndProject
Global
	GlobalSection(SolutionConfigurationPlatforms) = preSolution
		Debug|Any CPU = Debug|Any CPU
		Release|Any CPU = Release|Any CPU
	EndGlobalSection
	GlobalSection(ProjectConfigurationPlatforms) = postSolution
		{2FEE0291-AFEE-4B9D-978D-23CB7C9D4B34}.Debug|Any CPU.ActiveCfg = Debug|Any CPU
		{2FEE0291-AFEE-4B9D-978D-23CB7C9D4B34}.Debug|Any CPU.Build.0 = Debug|Any CPU
		{2FEE0291-AFEE-4B9D-978D-23CB7C9D4B34}.Release|Any CPU.ActiveCfg = Release|Any CPU
		{2FEE0291-AFEE-4B9D-978D-23CB7C9D4B34}.Release|Any CPU.Build.0 = Release|Any CPU
	EndGlobalSection
	GlobalSection(SolutionProperties) = preSolution
		HideSolutionNode = FALSE
	EndGlobalSection
	GlobalSection(ExtensibilityGlobals) = postSolution
		SolutionGuid = {3E885EE8-23F5-4EF6-8B23-CB63A2620103}
	EndGlobalSection
EndGlobal
