
Microsoft Visual Studio Solution File, Format Version 12.00
# Visual Studio Version 17
VisualStudioVersion = 17.14.36518.9 d17.14
MinimumVisualStudioVersion = 10.0.40219.1
Project("{FAE04EC0-301F-11D3-BF4B-00C04F79EFBC}") = "VarsayilanParametreliFonksiyon", "VarsayilanParametreliFonksiyon\VarsayilanParametreliFonksiyon.csproj", "{4AF4EDA4-38F4-4082-B207-6ABA7793A724}"
EndProject
Global
	GlobalSection(SolutionConfigurationPlatforms) = preSolution
		Debug|Any CPU = Debug|Any CPU
		Release|Any CPU = Release|Any CPU
	EndGlobalSection
	GlobalSection(ProjectConfigurationPlatforms) = postSolution
		{4AF4EDA4-38F4-4082-B207-6ABA7793A724}.Debug|Any CPU.ActiveCfg = Debug|Any CPU
		{4AF4EDA4-38F4-4082-B207-6ABA7793A724}.Debug|Any CPU.Build.0 = Debug|Any CPU
		{4AF4EDA4-38F4-4082-B207-6ABA7793A724}.Release|Any CPU.ActiveCfg = Release|Any CPU
		{4AF4EDA4-38F4-4082-B207-6ABA7793A724}.Release|Any CPU.Build.0 = Release|Any CPU
	EndGlobalSection
	GlobalSection(SolutionProperties) = preSolution
		HideSolutionNode = FALSE
	EndGlobalSection
	GlobalSection(ExtensibilityGlobals) = postSolution
		SolutionGuid = {66426AFC-8AF3-4BA6-B381-DA11757CE676}
	EndGlobalSection
EndGlobal
