
Microsoft Visual Studio Solution File, Format Version 12.00
# Visual Studio Version 17
VisualStudioVersion = 17.14.36518.9 d17.14
MinimumVisualStudioVersion = 10.0.40219.1
Project("{FAE04EC0-301F-11D3-BF4B-00C04F79EFBC}") = "RecursiceFonksiyonaGiris", "RecursiceFonksiyonaGiris\RecursiceFonksiyonaGiris.csproj", "{838B42B0-BDCA-45BC-8AE4-476B47AC0DE1}"
EndProject
Global
	GlobalSection(SolutionConfigurationPlatforms) = preSolution
		Debug|Any CPU = Debug|Any CPU
		Release|Any CPU = Release|Any CPU
	EndGlobalSection
	GlobalSection(ProjectConfigurationPlatforms) = postSolution
		{838B42B0-BDCA-45BC-8AE4-476B47AC0DE1}.Debug|Any CPU.ActiveCfg = Debug|Any CPU
		{838B42B0-BDCA-45BC-8AE4-476B47AC0DE1}.Debug|Any CPU.Build.0 = Debug|Any CPU
		{838B42B0-BDCA-45BC-8AE4-476B47AC0DE1}.Release|Any CPU.ActiveCfg = Release|Any CPU
		{838B42B0-BDCA-45BC-8AE4-476B47AC0DE1}.Release|Any CPU.Build.0 = Release|Any CPU
	EndGlobalSection
	GlobalSection(SolutionProperties) = preSolution
		HideSolutionNode = FALSE
	EndGlobalSection
	GlobalSection(ExtensibilityGlobals) = postSolution
		SolutionGuid = {5B875006-671D-43AB-B5A2-EB277E298361}
	EndGlobalSection
EndGlobal
