
Microsoft Visual Studio Solution File, Format Version 12.00
# Visual Studio Version 17
VisualStudioVersion = 17.14.36518.9 d17.14
MinimumVisualStudioVersion = 10.0.40219.1
Project("{FAE04EC0-301F-11D3-BF4B-00C04F79EFBC}") = "PozitifNegatif", "PozitifNegatif\PozitifNegatif.csproj", "{4FBB2D61-6D07-42C1-A89E-05EE858DA10A}"
EndProject
Global
	GlobalSection(SolutionConfigurationPlatforms) = preSolution
		Debug|Any CPU = Debug|Any CPU
		Release|Any CPU = Release|Any CPU
	EndGlobalSection
	GlobalSection(ProjectConfigurationPlatforms) = postSolution
		{4FBB2D61-6D07-42C1-A89E-05EE858DA10A}.Debug|Any CPU.ActiveCfg = Debug|Any CPU
		{4FBB2D61-6D07-42C1-A89E-05EE858DA10A}.Debug|Any CPU.Build.0 = Debug|Any CPU
		{4FBB2D61-6D07-42C1-A89E-05EE858DA10A}.Release|Any CPU.ActiveCfg = Release|Any CPU
		{4FBB2D61-6D07-42C1-A89E-05EE858DA10A}.Release|Any CPU.Build.0 = Release|Any CPU
	EndGlobalSection
	GlobalSection(SolutionProperties) = preSolution
		HideSolutionNode = FALSE
	EndGlobalSection
	GlobalSection(ExtensibilityGlobals) = postSolution
		SolutionGuid = {0E184F5E-52C2-4287-B5E4-278DA473B7C7}
	EndGlobalSection
EndGlobal
