
Microsoft Visual Studio Solution File, Format Version 12.00
# Visual Studio Version 17
VisualStudioVersion = 17.14.36518.9 d17.14
MinimumVisualStudioVersion = 10.0.40219.1
Project("{FAE04EC0-301F-11D3-BF4B-00C04F79EFBC}") = "DiziProblemFor", "DiziProblemFor\DiziProblemFor.csproj", "{60183A5F-BDF9-41F3-ACE3-90F36F04F69C}"
EndProject
Global
	GlobalSection(SolutionConfigurationPlatforms) = preSolution
		Debug|Any CPU = Debug|Any CPU
		Release|Any CPU = Release|Any CPU
	EndGlobalSection
	GlobalSection(ProjectConfigurationPlatforms) = postSolution
		{60183A5F-BDF9-41F3-ACE3-90F36F04F69C}.Debug|Any CPU.ActiveCfg = Debug|Any CPU
		{60183A5F-BDF9-41F3-ACE3-90F36F04F69C}.Debug|Any CPU.Build.0 = Debug|Any CPU
		{60183A5F-BDF9-41F3-ACE3-90F36F04F69C}.Release|Any CPU.ActiveCfg = Release|Any CPU
		{60183A5F-BDF9-41F3-ACE3-90F36F04F69C}.Release|Any CPU.Build.0 = Release|Any CPU
	EndGlobalSection
	GlobalSection(SolutionProperties) = preSolution
		HideSolutionNode = FALSE
	EndGlobalSection
	GlobalSection(ExtensibilityGlobals) = postSolution
		SolutionGuid = {9E3BEB70-3A56-4791-BBCE-9CED11108C6B}
	EndGlobalSection
EndGlobal
