
Microsoft Visual Studio Solution File, Format Version 12.00
# Visual Studio Version 17
VisualStudioVersion = 17.14.36518.9 d17.14
MinimumVisualStudioVersion = 10.0.40219.1
Project("{FAE04EC0-301F-11D3-BF4B-00C04F79EFBC}") = "DiziOrnek1", "DiziOrnek1\DiziOrnek1.csproj", "{1545A53E-5989-438A-878F-B930D013F95E}"
EndProject
Global
	GlobalSection(SolutionConfigurationPlatforms) = preSolution
		Debug|Any CPU = Debug|Any CPU
		Release|Any CPU = Release|Any CPU
	EndGlobalSection
	GlobalSection(ProjectConfigurationPlatforms) = postSolution
		{1545A53E-5989-438A-878F-B930D013F95E}.Debug|Any CPU.ActiveCfg = Debug|Any CPU
		{1545A53E-5989-438A-878F-B930D013F95E}.Debug|Any CPU.Build.0 = Debug|Any CPU
		{1545A53E-5989-438A-878F-B930D013F95E}.Release|Any CPU.ActiveCfg = Release|Any CPU
		{1545A53E-5989-438A-878F-B930D013F95E}.Release|Any CPU.Build.0 = Release|Any CPU
	EndGlobalSection
	GlobalSection(SolutionProperties) = preSolution
		HideSolutionNode = FALSE
	EndGlobalSection
	GlobalSection(ExtensibilityGlobals) = postSolution
		SolutionGuid = {45095C40-2B7F-4713-9C65-35C7983B7C79}
	EndGlobalSection
EndGlobal
